
Microsoft Visual Studio Solution File, Format Version 12.00
# Visual Studio Version 16
VisualStudioVersion = 16.0.810.1
MinimumVisualStudioVersion = 10.0.40219.1
Project("{FAE04EC0-301F-11D3-BF4B-00C04F79EFBC}") = "net5Consola1", "net5Consola1.csproj", "{963760D6-A8DF-47A3-8775-F343D63FA782}"
EndProject
Global
	GlobalSection(SolutionConfigurationPlatforms) = preSolution
		Debug|Any CPU = Debug|Any CPU
		Release|Any CPU = Release|Any CPU
	EndGlobalSection
	GlobalSection(ProjectConfigurationPlatforms) = postSolution
		{963760D6-A8DF-47A3-8775-F343D63FA782}.Debug|Any CPU.ActiveCfg = Debug|Any CPU
		{963760D6-A8DF-47A3-8775-F343D63FA782}.Debug|Any CPU.Build.0 = Debug|Any CPU
		{963760D6-A8DF-47A3-8775-F343D63FA782}.Release|Any CPU.ActiveCfg = Release|Any CPU
		{963760D6-A8DF-47A3-8775-F343D63FA782}.Release|Any CPU.Build.0 = Release|Any CPU
	EndGlobalSection
	GlobalSection(SolutionProperties) = preSolution
		HideSolutionNode = FALSE
	EndGlobalSection
	GlobalSection(ExtensibilityGlobals) = postSolution
		SolutionGuid = {E7AF7E3D-BFC8-4D2C-AF09-8B6208BC750B}
	EndGlobalSection
EndGlobal
